// !$*UTF8*$!
{
	archiveVersion = 1;
	classes = {
	};
	objectVersion = 50;
	objects = {

/* Begin PBXBuildFile section */
		2313F5A9218807C9004084AC /* AppDelegate.m in Sources */ = {isa = PBXBuildFile; fileRef = 2313F5A8218807C9004084AC /* AppDelegate.m */; };
		2313F5AC218807C9004084AC /* ViewController.m in Sources */ = {isa = PBXBuildFile; fileRef = 2313F5AB218807C9004084AC /* ViewController.m */; };
		2313F5B1218807D1004084AC /* Assets.xcassets in Resources */ = {isa = PBXBuildFile; fileRef = 2313F5B0218807D1004084AC /* Assets.xcassets */; };
		2313F5B7218807D1004084AC /* main.m in Sources */ = {isa = PBXBuildFile; fileRef = 2313F5B6218807D1004084AC /* main.m */; };
		2313F5C1218807D2004084AC /* DatePickerTests.m in Sources */ = {isa = PBXBuildFile; fileRef = 2313F5C0218807D2004084AC /* DatePickerTests.m */; };
		2313F5CC218807D2004084AC /* DatePickerUITests.m in Sources */ = {isa = PBXBuildFile; fileRef = 2313F5CB218807D2004084AC /* DatePickerUITests.m */; };
		2313F5DB21882B60004084AC /* DatePicker.m in Sources */ = {isa = PBXBuildFile; fileRef = 2313F5DA21882B60004084AC /* DatePicker.m */; };
/* End PBXBuildFile section */

/* Begin PBXContainerItemProxy section */
		2313F5BD218807D2004084AC /* PBXContainerItemProxy */ = {
			isa = PBXContainerItemProxy;
			containerPortal = 2313F59C218807C9004084AC /* Project object */;
			proxyType = 1;
			remoteGlobalIDString = 2313F5A3218807C9004084AC;
			remoteInfo = DatePicker;
		};
		2313F5C8218807D2004084AC /* PBXContainerItemProxy */ = {
			isa = PBXContainerItemProxy;
			containerPortal = 2313F59C218807C9004084AC /* Project object */;
			proxyType = 1;
			remoteGlobalIDString = 2313F5A3218807C9004084AC;
			remoteInfo = DatePicker;
		};
/* End PBXContainerItemProxy section */

/* Begin PBXFileReference section */
		2313F5A4218807C9004084AC /* DatePicker.app */ = {isa = PBXFileReference; explicitFileType = wrapper.application; includeInIndex = 0; path = DatePicker.app; sourceTree = BUILT_PRODUCTS_DIR; };
		2313F5A7218807C9004084AC /* AppDelegate.h */ = {isa = PBXFileReference; lastKnownFileType = sourcecode.c.h; path = AppDelegate.h; sourceTree = "<group>"; };
		2313F5A8218807C9004084AC /* AppDelegate.m */ = {isa = PBXFileReference; lastKnownFileType = sourcecode.c.objc; path = AppDelegate.m; sourceTree = "<group>"; };
		2313F5AA218807C9004084AC /* ViewController.h */ = {isa = PBXFileReference; lastKnownFileType = sourcecode.c.h; path = ViewController.h; sourceTree = "<group>"; };
		2313F5AB218807C9004084AC /* ViewController.m */ = {isa = PBXFileReference; lastKnownFileType = sourcecode.c.objc; path = ViewController.m; sourceTree = "<group>"; };
		2313F5B0218807D1004084AC /* Assets.xcassets */ = {isa = PBXFileReference; lastKnownFileType = folder.assetcatalog; path = Assets.xcassets; sourceTree = "<group>"; };
		2313F5B5218807D1004084AC /* Info.plist */ = {isa = PBXFileReference; lastKnownFileType = text.plist.xml; path = Info.plist; sourceTree = "<group>"; };
		2313F5B6218807D1004084AC /* main.m */ = {isa = PBXFileReference; lastKnownFileType = sourcecode.c.objc; path = main.m; sourceTree = "<group>"; };
		2313F5BC218807D2004084AC /* DatePickerTests.xctest */ = {isa = PBXFileReference; explicitFileType = wrapper.cfbundle; includeInIndex = 0; path = DatePickerTests.xctest; sourceTree = BUILT_PRODUCTS_DIR; };
		2313F5C0218807D2004084AC /* DatePickerTests.m */ = {isa = PBXFileReference; lastKnownFileType = sourcecode.c.objc; path = DatePickerTests.m; sourceTree = "<group>"; };
		2313F5C2218807D2004084AC /* Info.plist */ = {isa = PBXFileReference; lastKnownFileType = text.plist.xml; path = Info.plist; sourceTree = "<group>"; };
		2313F5C7218807D2004084AC /* DatePickerUITests.xctest */ = {isa = PBXFileReference; explicitFileType = wrapper.cfbundle; includeInIndex = 0; path = DatePickerUITests.xctest; sourceTree = BUILT_PRODUCTS_DIR; };
		2313F5CB218807D2004084AC /* DatePickerUITests.m */ = {isa = PBXFileReference; lastKnownFileType = sourcecode.c.objc; path = DatePickerUITests.m; sourceTree = "<group>"; };
		2313F5CD218807D2004084AC /* Info.plist */ = {isa = PBXFileReference; lastKnownFileType = text.plist.xml; path = Info.plist; sourceTree = "<group>"; };
		2313F5D921882B60004084AC /* DatePicker.h */ = {isa = PBXFileReference; lastKnownFileType = sourcecode.c.h; path = DatePicker.h; sourceTree = "<group>"; };
		2313F5DA21882B60004084AC /* DatePicker.m */ = {isa = PBXFileReference; lastKnownFileType = sourcecode.c.objc; path = DatePicker.m; sourceTree = "<group>"; };
/* End PBXFileReference section */

/* Begin PBXFrameworksBuildPhase section */
		2313F5A1218807C9004084AC /* Frameworks */ = {
			isa = PBXFrameworksBuildPhase;
			buildActionMask = 2147483647;
			files = (
			);
			runOnlyForDeploymentPostprocessing = 0;
		};
		2313F5B9218807D2004084AC /* Frameworks */ = {
			isa = PBXFrameworksBuildPhase;
			buildActionMask = 2147483647;
			files = (
			);
			runOnlyForDeploymentPostprocessing = 0;
		};
		2313F5C4218807D2004084AC /* Frameworks */ = {
			isa = PBXFrameworksBuildPhase;
			buildActionMask = 2147483647;
			files = (
			);
			runOnlyForDeploymentPostprocessing = 0;
		};
/* End PBXFrameworksBuildPhase section */

/* Begin PBXGroup section */
		2313F59B218807C9004084AC = {
			isa = PBXGroup;
			children = (
				2313F5A6218807C9004084AC /* DatePicker */,
				2313F5BF218807D2004084AC /* DatePickerTests */,
				2313F5CA218807D2004084AC /* DatePickerUITests */,
				2313F5A5218807C9004084AC /* Products */,
			);
			sourceTree = "<group>";
		};
		2313F5A5218807C9004084AC /* Products */ = {
			isa = PBXGroup;
			children = (
				2313F5A4218807C9004084AC /* DatePicker.app */,
				2313F5BC218807D2004084AC /* DatePickerTests.xctest */,
				2313F5C7218807D2004084AC /* DatePickerUITests.xctest */,
			);
			name = Products;
			sourceTree = "<group>";
		};
		2313F5A6218807C9004084AC /* DatePicker */ = {
			isa = PBXGroup;
			children = (
				2313F5A7218807C9004084AC /* AppDelegate.h */,
				2313F5A8218807C9004084AC /* AppDelegate.m */,
				2313F5AA218807C9004084AC /* ViewController.h */,
				2313F5AB218807C9004084AC /* ViewController.m */,
				2313F5D921882B60004084AC /* DatePicker.h */,
				2313F5DA21882B60004084AC /* DatePicker.m */,
				2313F5B0218807D1004084AC /* Assets.xcassets */,
				2313F5B5218807D1004084AC /* Info.plist */,
				2313F5B6218807D1004084AC /* main.m */,
			);
			path = DatePicker;
			sourceTree = "<group>";
		};
		2313F5BF218807D2004084AC /* DatePickerTests */ = {
			isa = PBXGroup;
			children = (
				2313F5C0218807D2004084AC /* DatePickerTests.m */,
				2313F5C2218807D2004084AC /* Info.plist */,
			);
			path = DatePickerTests;
			sourceTree = "<group>";
		};
		2313F5CA218807D2004084AC /* DatePickerUITests */ = {
			isa = PBXGroup;
			children = (
				2313F5CB218807D2004084AC /* DatePickerUITests.m */,
				2313F5CD218807D2004084AC /* Info.plist */,
			);
			path = DatePickerUITests;
			sourceTree = "<group>";
		};
/* End PBXGroup section */

/* Begin PBXNativeTarget section */
		2313F5A3218807C9004084AC /* DatePicker */ = {
			isa = PBXNativeTarget;
			buildConfigurationList = 2313F5D0218807D2004084AC /* Build configuration list for PBXNativeTarget "DatePicker" */;
			buildPhases = (
				2313F5A0218807C9004084AC /* Sources */,
				2313F5A1218807C9004084AC /* Frameworks */,
				2313F5A2218807C9004084AC /* Resources */,
			);
			buildRules = (
			);
			dependencies = (
			);
			name = DatePicker;
			productName = DatePicker;
			productReference = 2313F5A4218807C9004084AC /* DatePicker.app */;
			productType = "com.apple.product-type.application";
		};
		2313F5BB218807D2004084AC /* DatePickerTests */ = {
			isa = PBXNativeTarget;
			buildConfigurationList = 2313F5D3218807D2004084AC /* Build configuration list for PBXNativeTarget "DatePickerTests" */;
			buildPhases = (
				2313F5B8218807D2004084AC /* Sources */,
				2313F5B9218807D2004084AC /* Frameworks */,
				2313F5BA218807D2004084AC /* Resources */,
			);
			buildRules = (
			);
			dependencies = (
				2313F5BE218807D2004084AC /* PBXTargetDependency */,
			);
			name = DatePickerTests;
			productName = DatePickerTests;
			productReference = 2313F5BC218807D2004084AC /* DatePickerTests.xctest */;
			productType = "com.apple.product-type.bundle.unit-test";
		};
		2313F5C6218807D2004084AC /* DatePickerUITests */ = {
			isa = PBXNativeTarget;
			buildConfigurationList = 2313F5D6218807D2004084AC /* Build configuration list for PBXNativeTarget "DatePickerUITests" */;
			buildPhases = (
				2313F5C3218807D2004084AC /* Sources */,
				2313F5C4218807D2004084AC /* Frameworks */,
				2313F5C5218807D2004084AC /* Resources */,
			);
			buildRules = (
			);
			dependencies = (
				2313F5C9218807D2004084AC /* PBXTargetDependency */,
			);
			name = DatePickerUITests;
			productName = DatePickerUITests;
			productReference = 2313F5C7218807D2004084AC /* DatePickerUITests.xctest */;
			productType = "com.apple.product-type.bundle.ui-testing";
		};
/* End PBXNativeTarget section */

/* Begin PBXProject section */
		2313F59C218807C9004084AC /* Project object */ = {
			isa = PBXProject;
			attributes = {
				LastUpgradeCheck = 1000;
				ORGANIZATIONNAME = test;
				TargetAttributes = {
					2313F5A3218807C9004084AC = {
						CreatedOnToolsVersion = 10.0;
					};
					2313F5BB218807D2004084AC = {
						CreatedOnToolsVersion = 10.0;
						TestTargetID = 2313F5A3218807C9004084AC;
					};
					2313F5C6218807D2004084AC = {
						CreatedOnToolsVersion = 10.0;
						TestTargetID = 2313F5A3218807C9004084AC;
					};
				};
			};
			buildConfigurationList = 2313F59F218807C9004084AC /* Build configuration list for PBXProject "DatePicker" */;
			compatibilityVersion = "Xcode 9.3";
			developmentRegion = en;
			hasScannedForEncodings = 0;
			knownRegions = (
				en,
				Base,
			);
			mainGroup = 2313F59B218807C9004084AC;
			productRefGroup = 2313F5A5218807C9004084AC /* Products */;
			projectDirPath = "";
			projectRoot = "";
			targets = (
				2313F5A3218807C9004084AC /* DatePicker */,
				2313F5BB218807D2004084AC /* DatePickerTests */,
				2313F5C6218807D2004084AC /* DatePickerUITests */,
			);
		};
/* End PBXProject section */

/* Begin PBXResourcesBuildPhase section */
		2313F5A2218807C9004084AC /* Resources */ = {
			isa = PBXResourcesBuildPhase;
			buildActionMask = 2147483647;
			files = (
				2313F5B1218807D1004084AC /* Assets.xcassets in Resources */,
			);
			runOnlyForDeploymentPostprocessing = 0;
		};
		2313F5BA218807D2004084AC /* Resources */ = {
			isa = PBXResourcesBuildPhase;
			buildActionMask = 2147483647;
			files = (
			);
			runOnlyForDeploymentPostprocessing = 0;
		};
		2313F5C5218807D2004084AC /* Resources */ = {
			isa = PBXResourcesBuildPhase;
			buildActionMask = 2147483647;
			files = (
			);
			runOnlyForDeploymentPostprocessing = 0;
		};
/* End PBXResourcesBuildPhase section */

/* Begin PBXSourcesBuildPhase section */
		2313F5A0218807C9004084AC /* Sources */ = {
			isa = PBXSourcesBuildPhase;
			buildActionMask = 2147483647;
			files = (
				2313F5AC218807C9004084AC /* ViewController.m in Sources */,
				2313F5B7218807D1004084AC /* main.m in Sources */,
				2313F5A9218807C9004084AC /* AppDelegate.m in Sources */,
				2313F5DB21882B60004084AC /* DatePicker.m in Sources */,
			);
			runOnlyForDeploymentPostprocessing = 0;
		};
		2313F5B8218807D2004084AC /* Sources */ = {
			isa = PBXSourcesBuildPhase;
			buildActionMask = 2147483647;
			files = (
				2313F5C1218807D2004084AC /* DatePickerTests.m in Sources */,
			);
			runOnlyForDeploymentPostprocessing = 0;
		};
		2313F5C3218807D2004084AC /* Sources */ = {
			isa = PBXSourcesBuildPhase;
			buildActionMask = 2147483647;
			files = (
				2313F5CC218807D2004084AC /* DatePickerUITests.m in Sources */,
			);
			runOnlyForDeploymentPostprocessing = 0;
		};
/* End PBXSourcesBuildPhase section */

/* Begin PBXTargetDependency section */
		2313F5BE218807D2004084AC /* PBXTargetDependency */ = {
			isa = PBXTargetDependency;
			target = 2313F5A3218807C9004084AC /* DatePicker */;
			targetProxy = 2313F5BD218807D2004084AC /* PBXContainerItemProxy */;
		};
		2313F5C9218807D2004084AC /* PBXTargetDependency */ = {
			isa = PBXTargetDependency;
			target = 2313F5A3218807C9004084AC /* DatePicker */;
			targetProxy = 2313F5C8218807D2004084AC /* PBXContainerItemProxy */;
		};
/* End PBXTargetDependency section */

/* Begin XCBuildConfiguration section */
		2313F5CE218807D2004084AC /* Debug */ = {
			isa = XCBuildConfiguration;
			buildSettings = {
				ALWAYS_SEARCH_USER_PATHS = NO;
				CLANG_ANALYZER_NONNULL = YES;
				CLANG_ANALYZER_NUMBER_OBJECT_CONVERSION = YES_AGGRESSIVE;
				CLANG_CXX_LANGUAGE_STANDARD = "gnu++14";
				CLANG_CXX_LIBRARY = "libc++";
				CLANG_ENABLE_MODULES = YES;
				CLANG_ENABLE_OBJC_ARC = YES;
				CLANG_ENABLE_OBJC_WEAK = YES;
				CLANG_WARN_BLOCK_CAPTURE_AUTORELEASING = YES;
				CLANG_WARN_BOOL_CONVERSION = YES;
				CLANG_WARN_COMMA = YES;
				CLANG_WARN_CONSTANT_CONVERSION = YES;
				CLANG_WARN_DEPRECATED_OBJC_IMPLEMENTATIONS = YES;
				CLANG_WARN_DIRECT_OBJC_ISA_USAGE = YES_ERROR;
				CLANG_WARN_DOCUMENTATION_COMMENTS = YES;
				CLANG_WARN_EMPTY_BODY = YES;
				CLANG_WARN_ENUM_CONVERSION = YES;
				CLANG_WARN_INFINITE_RECURSION = YES;
				CLANG_WARN_INT_CONVERSION = YES;
				CLANG_WARN_NON_LITERAL_NULL_CONVERSION = YES;
				CLANG_WARN_OBJC_IMPLICIT_RETAIN_SELF = YES;
				CLANG_WARN_OBJC_LITERAL_CONVERSION = YES;
				CLANG_WARN_OBJC_ROOT_CLASS = YES_ERROR;
				CLANG_WARN_RANGE_LOOP_ANALYSIS = YES;
				CLANG_WARN_STRICT_PROTOTYPES = YES;
				CLANG_WARN_SUSPICIOUS_MOVE = YES;
				CLANG_WARN_UNGUARDED_AVAILABILITY = YES_AGGRESSIVE;
				CLANG_WARN_UNREACHABLE_CODE = YES;
				CLANG_WARN__DUPLICATE_METHOD_MATCH = YES;
				CODE_SIGN_IDENTITY = "iPhone Developer";
				COPY_PHASE_STRIP = NO;
				DEBUG_INFORMATION_FORMAT = dwarf;
				ENABLE_STRICT_OBJC_MSGSEND = YES;
				ENABLE_TESTABILITY = YES;
				GCC_C_LANGUAGE_STANDARD = gnu11;
				GCC_DYNAMIC_NO_PIC = NO;
				GCC_NO_COMMON_BLOCKS = YES;
				GCC_OPTIMIZATION_LEVEL = 0;
				GCC_PREPROCESSOR_DEFINITIONS = (
					"DEBUG=1",
					"$(inherited)",
				);
				GCC_WARN_64_TO_32_BIT_CONVERSION = YES;
				GCC_WARN_ABOUT_RETURN_TYPE = YES_ERROR;
				GCC_WARN_UNDECLARED_SELECTOR = YES;
				GCC_WARN_UNINITIALIZED_AUTOS = YES_AGGRESSIVE;
				GCC_WARN_UNUSED_FUNCTION = YES;
				GCC_WARN_UNUSED_VARIABLE = YES;
				IPHONEOS_DEPLOYMENT_TARGET = 12.0;
				MTL_ENABLE_DEBUG_INFO = INCLUDE_SOURCE;
				MTL_FAST_MATH = YES;
				ONLY_ACTIVE_ARCH = YES;
				SDKROOT = iphoneos;
			};
			name = Debug;
		};
		2313F5CF218807D2004084AC /* Release */ = {
			isa = XCBuildConfiguration;
			buildSettings = {
				ALWAYS_SEARCH_USER_PATHS = NO;
				CLANG_ANALYZER_NONNULL = YES;
				CLANG_ANALYZER_NUMBER_OBJECT_CONVERSION = YES_AGGRESSIVE;
				CLANG_CXX_LANGUAGE_STANDARD = "gnu++14";
				CLANG_CXX_LIBRARY = "libc++";
				CLANG_ENABLE_MODULES = YES;
				CLANG_ENABLE_OBJC_ARC = YES;
				CLANG_ENABLE_OBJC_WEAK = YES;
				CLANG_WARN_BLOCK_CAPTURE_AUTORELEASING = YES;
				CLANG_WARN_BOOL_CONVERSION = YES;
				CLANG_WARN_COMMA = YES;
				CLANG_WARN_CONSTANT_CONVERSION = YES;
				CLANG_WARN_DEPRECATED_OBJC_IMPLEMENTATIONS = YES;
				CLANG_WARN_DIRECT_OBJC_ISA_USAGE = YES_ERROR;
				CLANG_WARN_DOCUMENTATION_COMMENTS = YES;
				CLANG_WARN_EMPTY_BODY = YES;
				CLANG_WARN_ENUM_CONVERSION = YES;
				CLANG_WARN_INFINITE_RECURSION = YES;
				CLANG_WARN_INT_CONVERSION = YES;
				CLANG_WARN_NON_LITERAL_NULL_CONVERSION = YES;
				CLANG_WARN_OBJC_IMPLICIT_RETAIN_SELF = YES;
				CLANG_WARN_OBJC_LITERAL_CONVERSION = YES;
				CLANG_WARN_OBJC_ROOT_CLASS = YES_ERROR;
				CLANG_WARN_RANGE_LOOP_ANALYSIS = YES;
				CLANG_WARN_STRICT_PROTOTYPES = YES;
				CLANG_WARN_SUSPICIOUS_MOVE = YES;
				CLANG_WARN_UNGUARDED_AVAILABILITY = YES_AGGRESSIVE;
				CLANG_WARN_UNREACHABLE_CODE = YES;
				CLANG_WARN__DUPLICATE_METHOD_MATCH = YES;
				CODE_SIGN_IDENTITY = "iPhone Developer";
				COPY_PHASE_STRIP = NO;
				DEBUG_INFORMATION_FORMAT = "dwarf-with-dsym";
				ENABLE_NS_ASSERTIONS = NO;
				ENABLE_STRICT_OBJC_MSGSEND = YES;
				GCC_C_LANGUAGE_STANDARD = gnu11;
				GCC_NO_COMMON_BLOCKS = YES;
				GCC_WARN_64_TO_32_BIT_CONVERSION = YES;
				GCC_WARN_ABOUT_RETURN_TYPE = YES_ERROR;
				GCC_WARN_UNDECLARED_SELECTOR = YES;
				GCC_WARN_UNINITIALIZED_AUTOS = YES_AGGRESSIVE;
				GCC_WARN_UNUSED_FUNCTION = YES;
				GCC_WARN_UNUSED_VARIABLE = YES;
				IPHONEOS_DEPLOYMENT_TARGET = 12.0;
				MTL_ENABLE_DEBUG_INFO = NO;
				MTL_FAST_MATH = YES;
				SDKROOT = iphoneos;
				VALIDATE_PRODUCT = YES;
			};
			name = Release;
		};
		2313F5D1218807D2004084AC /* Debug */ = {
			isa = XCBuildConfiguration;
			buildSettings = {
				ASSETCATALOG_COMPILER_APPICON_NAME = AppIcon;
				ASSETCATALOG_COMPILER_LAUNCHIMAGE_NAME = LaunchImage;
				CODE_SIGN_STYLE = Automatic;
				INFOPLIST_FILE = DatePicker/Info.plist;
				LD_RUNPATH_SEARCH_PATHS = (
					"$(inherited)",
					"@executable_path/Frameworks",
				);
				PRODUCT_BUNDLE_IDENTIFIER = test.DatePicker;
				PRODUCT_NAME = "$(TARGET_NAME)";
				TARGETED_DEVICE_FAMILY = "1,2";
			};
			name = Debug;
		};
		2313F5D2218807D2004084AC /* Release */ = {
			isa = XCBuildConfiguration;
			buildSettings = {
				ASSETCATALOG_COMPILER_APPICON_NAME = AppIcon;
				ASSETCATALOG_COMPILER_LAUNCHIMAGE_NAME = LaunchImage;
				CODE_SIGN_STYLE = Automatic;
				INFOPLIST_FILE = DatePicker/Info.plist;
				LD_RUNPATH_SEARCH_PATHS = (
					"$(inherited)",
					"@executable_path/Frameworks",
				);
				PRODUCT_BUNDLE_IDENTIFIER = test.DatePicker;
				PRODUCT_NAME = "$(TARGET_NAME)";
				TARGETED_DEVICE_FAMILY = "1,2";
			};
			name = Release;
		};
		2313F5D4218807D2004084AC /* Debug */ = {
			isa = XCBuildConfiguration;
			buildSettings = {
				BUNDLE_LOADER = "$(TEST_HOST)";
				CODE_SIGN_STYLE = Automatic;
				INFOPLIST_FILE = DatePickerTests/Info.plist;
				LD_RUNPATH_SEARCH_PATHS = (
					"$(inherited)",
					"@executable_path/Frameworks",
					"@loader_path/Frameworks",
				);
				PRODUCT_BUNDLE_IDENTIFIER = test.DatePickerTests;
				PRODUCT_NAME = "$(TARGET_NAME)";
				TARGETED_DEVICE_FAMILY = "1,2";
				TEST_HOST = "$(BUILT_PRODUCTS_DIR)/DatePicker.app/DatePicker";
			};
			name = Debug;
		};
		2313F5D5218807D2004084AC /* Release */ = {
			isa = XCBuildConfiguration;
			buildSettings = {
				BUNDLE_LOADER = "$(TEST_HOST)";
				CODE_SIGN_STYLE = Automatic;
				INFOPLIST_FILE = DatePickerTests/Info.plist;
				LD_RUNPATH_SEARCH_PATHS = (
					"$(inherited)",
					"@executable_path/Frameworks",
					"@loader_path/Frameworks",
				);
				PRODUCT_BUNDLE_IDENTIFIER = test.DatePickerTests;
				PRODUCT_NAME = "$(TARGET_NAME)";
				TARGETED_DEVICE_FAMILY = "1,2";
				TEST_HOST = "$(BUILT_PRODUCTS_DIR)/DatePicker.app/DatePicker";
			};
			name = Release;
		};
		2313F5D7218807D2004084AC /* Debug */ = {
			isa = XCBuildConfiguration;
			buildSettings = {
				CODE_SIGN_STYLE = Automatic;
				INFOPLIST_FILE = DatePickerUITests/Info.plist;
				LD_RUNPATH_SEARCH_PATHS = (
					"$(inherited)",
					"@executable_path/Frameworks",
					"@loader_path/Frameworks",
				);
				PRODUCT_BUNDLE_IDENTIFIER = test.DatePickerUITests;
				PRODUCT_NAME = "$(TARGET_NAME)";
				TARGETED_DEVICE_FAMILY = "1,2";
				TEST_TARGET_NAME = DatePicker;
			};
			name = Debug;
		};
		2313F5D8218807D2004084AC /* Release */ = {
			isa = XCBuildConfiguration;
			buildSettings = {
				CODE_SIGN_STYLE = Automatic;
				INFOPLIST_FILE = DatePickerUITests/Info.plist;
				LD_RUNPATH_SEARCH_PATHS = (
					"$(inherited)",
					"@executable_path/Frameworks",
					"@loader_path/Frameworks",
				);
				PRODUCT_BUNDLE_IDENTIFIER = test.DatePickerUITests;
				PRODUCT_NAME = "$(TARGET_NAME)";
				TARGETED_DEVICE_FAMILY = "1,2";
				TEST_TARGET_NAME = DatePicker;
			};
			name = Release;
		};
/* End XCBuildConfiguration section */

/* Begin XCConfigurationList section */
		2313F59F218807C9004084AC /* Build configuration list for PBXProject "DatePicker" */ = {
			isa = XCConfigurationList;
			buildConfigurations = (
				2313F5CE218807D2004084AC /* Debug */,
				2313F5CF218807D2004084AC /* Release */,
			);
			defaultConfigurationIsVisible = 0;
			defaultConfigurationName = Release;
		};
		2313F5D0218807D2004084AC /* Build configuration list for PBXNativeTarget "DatePicker" */ = {
			isa = XCConfigurationList;
			buildConfigurations = (
				2313F5D1218807D2004084AC /* Debug */,
				2313F5D2218807D2004084AC /* Release */,
			);
			defaultConfigurationIsVisible = 0;
			defaultConfigurationName = Release;
		};
		2313F5D3218807D2004084AC /* Build configuration list for PBXNativeTarget "DatePickerTests" */ = {
			isa = XCConfigurationList;
			buildConfigurations = (
				2313F5D4218807D2004084AC /* Debug */,
				2313F5D5218807D2004084AC /* Release */,
			);
			defaultConfigurationIsVisible = 0;
			defaultConfigurationName = Release;
		};
		2313F5D6218807D2004084AC /* Build configuration list for PBXNativeTarget "DatePickerUITests" */ = {
			isa = XCConfigurationList;
			buildConfigurations = (
				2313F5D7218807D2004084AC /* Debug */,
				2313F5D8218807D2004084AC /* Release */,
			);
			defaultConfigurationIsVisible = 0;
			defaultConfigurationName = Release;
		};
/* End XCConfigurationList section */
	};
	rootObject = 2313F59C218807C9004084AC /* Project object */;
}
